
Microsoft Visual Studio Solution File, Format Version 12.00
# Visual Studio Version 17
VisualStudioVersion = 17.9.34622.214
MinimumVisualStudioVersion = 10.0.40219.1
Project("{FAE04EC0-301F-11D3-BF4B-00C04F79EFBC}") = "AiSD2_zadanie_dowolne", "AiSD2_zadanie_dowolne\AiSD2_zadanie_dowolne.csproj", "{FEC556B6-E3A6-477A-9552-D9B5CD0E78C4}"
EndProject
Global
	GlobalSection(SolutionConfigurationPlatforms) = preSolution
		Debug|Any CPU = Debug|Any CPU
		Release|Any CPU = Release|Any CPU
	EndGlobalSection
	GlobalSection(ProjectConfigurationPlatforms) = postSolution
		{FEC556B6-E3A6-477A-9552-D9B5CD0E78C4}.Debug|Any CPU.ActiveCfg = Debug|Any CPU
		{FEC556B6-E3A6-477A-9552-D9B5CD0E78C4}.Debug|Any CPU.Build.0 = Debug|Any CPU
		{FEC556B6-E3A6-477A-9552-D9B5CD0E78C4}.Release|Any CPU.ActiveCfg = Release|Any CPU
		{FEC556B6-E3A6-477A-9552-D9B5CD0E78C4}.Release|Any CPU.Build.0 = Release|Any CPU
	EndGlobalSection
	GlobalSection(SolutionProperties) = preSolution
		HideSolutionNode = FALSE
	EndGlobalSection
	GlobalSection(ExtensibilityGlobals) = postSolution
		SolutionGuid = {A0851410-CF16-44F3-90E8-CD242F6A0AAF}
	EndGlobalSection
EndGlobal
