
Microsoft Visual Studio Solution File, Format Version 12.00
# Visual Studio Version 17
VisualStudioVersion = 17.9.34622.214
MinimumVisualStudioVersion = 10.0.40219.1
Project("{FAE04EC0-301F-11D3-BF4B-00C04F79EFBC}") = "AiSD2_lab10_grade", "AiSD2_lab10_grade\AiSD2_lab10_grade.csproj", "{422A17B0-79F8-492E-88AB-8CC6D1E53495}"
EndProject
Global
	GlobalSection(SolutionConfigurationPlatforms) = preSolution
		Debug|Any CPU = Debug|Any CPU
		Release|Any CPU = Release|Any CPU
	EndGlobalSection
	GlobalSection(ProjectConfigurationPlatforms) = postSolution
		{422A17B0-79F8-492E-88AB-8CC6D1E53495}.Debug|Any CPU.ActiveCfg = Debug|Any CPU
		{422A17B0-79F8-492E-88AB-8CC6D1E53495}.Debug|Any CPU.Build.0 = Debug|Any CPU
		{422A17B0-79F8-492E-88AB-8CC6D1E53495}.Release|Any CPU.ActiveCfg = Release|Any CPU
		{422A17B0-79F8-492E-88AB-8CC6D1E53495}.Release|Any CPU.Build.0 = Release|Any CPU
	EndGlobalSection
	GlobalSection(SolutionProperties) = preSolution
		HideSolutionNode = FALSE
	EndGlobalSection
	GlobalSection(ExtensibilityGlobals) = postSolution
		SolutionGuid = {5E4CBCFF-85C6-4F5D-9EEE-5D08874C3064}
	EndGlobalSection
EndGlobal
