
Microsoft Visual Studio Solution File, Format Version 12.00
# Visual Studio Version 17
VisualStudioVersion = 17.9.34622.214
MinimumVisualStudioVersion = 10.0.40219.1
Project("{FAE04EC0-301F-11D3-BF4B-00C04F79EFBC}") = "AiSD2_tekstowe_ocena", "AiSD2_tekstowe_ocena\AiSD2_tekstowe_ocena.csproj", "{DFF73792-E180-4E5B-94F1-B71A7BA64EC8}"
EndProject
Global
	GlobalSection(SolutionConfigurationPlatforms) = preSolution
		Debug|Any CPU = Debug|Any CPU
		Release|Any CPU = Release|Any CPU
	EndGlobalSection
	GlobalSection(ProjectConfigurationPlatforms) = postSolution
		{DFF73792-E180-4E5B-94F1-B71A7BA64EC8}.Debug|Any CPU.ActiveCfg = Debug|Any CPU
		{DFF73792-E180-4E5B-94F1-B71A7BA64EC8}.Debug|Any CPU.Build.0 = Debug|Any CPU
		{DFF73792-E180-4E5B-94F1-B71A7BA64EC8}.Release|Any CPU.ActiveCfg = Release|Any CPU
		{DFF73792-E180-4E5B-94F1-B71A7BA64EC8}.Release|Any CPU.Build.0 = Release|Any CPU
	EndGlobalSection
	GlobalSection(SolutionProperties) = preSolution
		HideSolutionNode = FALSE
	EndGlobalSection
	GlobalSection(ExtensibilityGlobals) = postSolution
		SolutionGuid = {4C191BBC-3760-4239-99D9-1123A485A233}
	EndGlobalSection
EndGlobal
